
Microsoft Visual Studio Solution File, Format Version 12.00
# Visual Studio 14
VisualStudioVersion = 14.0.23107.0
MinimumVisualStudioVersion = 10.0.40219.1
Project("{FAE04EC0-301F-11D3-BF4B-00C04F79EFBC}") = "WCS.Models", "WCS.Models\WCS.Models.csproj", "{C31F4E9D-9B7E-4D80-8335-30DFF62C5C40}"
EndProject
Project("{FAE04EC0-301F-11D3-BF4B-00C04F79EFBC}") = "WCS", "WCS\WCS.csproj", "{2E1CB33E-9E97-4C70-9853-A86E6D43367A}"
EndProject
Project("{FAE04EC0-301F-11D3-BF4B-00C04F79EFBC}") = "WCS.Controllers", "WCS.Controllers\WCS.Controllers.csproj", "{8F050385-5BBA-44C8-B9BF-1A77D574FE66}"
EndProject
Project("{FAE04EC0-301F-11D3-BF4B-00C04F79EFBC}") = "WCS.Database", "WCS.Database\WCS.Database.csproj", "{BADB9D6B-EDB5-44F1-A30C-293869525E4C}"
EndProject
Global
	GlobalSection(SolutionConfigurationPlatforms) = preSolution
		Debug|Any CPU = Debug|Any CPU
		Release|Any CPU = Release|Any CPU
	EndGlobalSection
	GlobalSection(ProjectConfigurationPlatforms) = postSolution
		{C31F4E9D-9B7E-4D80-8335-30DFF62C5C40}.Debug|Any CPU.ActiveCfg = Debug|Any CPU
		{C31F4E9D-9B7E-4D80-8335-30DFF62C5C40}.Debug|Any CPU.Build.0 = Debug|Any CPU
		{C31F4E9D-9B7E-4D80-8335-30DFF62C5C40}.Release|Any CPU.ActiveCfg = Release|Any CPU
		{C31F4E9D-9B7E-4D80-8335-30DFF62C5C40}.Release|Any CPU.Build.0 = Release|Any CPU
		{2E1CB33E-9E97-4C70-9853-A86E6D43367A}.Debug|Any CPU.ActiveCfg = Debug|Any CPU
		{2E1CB33E-9E97-4C70-9853-A86E6D43367A}.Debug|Any CPU.Build.0 = Debug|Any CPU
		{2E1CB33E-9E97-4C70-9853-A86E6D43367A}.Release|Any CPU.ActiveCfg = Release|Any CPU
		{2E1CB33E-9E97-4C70-9853-A86E6D43367A}.Release|Any CPU.Build.0 = Release|Any CPU
		{8F050385-5BBA-44C8-B9BF-1A77D574FE66}.Debug|Any CPU.ActiveCfg = Debug|Any CPU
		{8F050385-5BBA-44C8-B9BF-1A77D574FE66}.Debug|Any CPU.Build.0 = Debug|Any CPU
		{8F050385-5BBA-44C8-B9BF-1A77D574FE66}.Release|Any CPU.ActiveCfg = Release|Any CPU
		{8F050385-5BBA-44C8-B9BF-1A77D574FE66}.Release|Any CPU.Build.0 = Release|Any CPU
		{BADB9D6B-EDB5-44F1-A30C-293869525E4C}.Debug|Any CPU.ActiveCfg = Debug|Any CPU
		{BADB9D6B-EDB5-44F1-A30C-293869525E4C}.Debug|Any CPU.Build.0 = Debug|Any CPU
		{BADB9D6B-EDB5-44F1-A30C-293869525E4C}.Release|Any CPU.ActiveCfg = Release|Any CPU
		{BADB9D6B-EDB5-44F1-A30C-293869525E4C}.Release|Any CPU.Build.0 = Release|Any CPU
	EndGlobalSection
	GlobalSection(SolutionProperties) = preSolution
		HideSolutionNode = FALSE
	EndGlobalSection
EndGlobal
