
Microsoft Visual Studio Solution File, Format Version 12.00
# Visual Studio 14
VisualStudioVersion = 14.0.23107.0
MinimumVisualStudioVersion = 10.0.40219.1
Project("{FAE04EC0-301F-11D3-BF4B-00C04F79EFBC}") = "WCS.Models", "WCS.Models\WCS.Models.csproj", "{C31F4E9D-9B7E-4D80-8335-30DFF62C5C40}"
EndProject
Project("{FAE04EC0-301F-11D3-BF4B-00C04F79EFBC}") = "WCS", "WCS\WCS.csproj", "{2E1CB33E-9E97-4C70-9853-A86E6D43367A}"
EndProject
Project("{FAE04EC0-301F-11D3-BF4B-00C04F79EFBC}") = "WCS.Databases", "WCS.Database\WCS.Databases.csproj", "{BADB9D6B-EDB5-44F1-A30C-293869525E4C}"
EndProject
Project("{FAE04EC0-301F-11D3-BF4B-00C04F79EFBC}") = "WCS.MVC", "WCS.MVC\WCS.MVC.csproj", "{D868FC68-6204-4247-BA3D-1E1F4A88B95D}"
EndProject
Project("{FAE04EC0-301F-11D3-BF4B-00C04F79EFBC}") = "WCS.Business", "WCS.Business\WCS.Business.csproj", "{1599108D-88FA-4EBD-99EF-5E43C6CA2A05}"
EndProject
Global
	GlobalSection(SolutionConfigurationPlatforms) = preSolution
		Debug|Any CPU = Debug|Any CPU
		Release|Any CPU = Release|Any CPU
	EndGlobalSection
	GlobalSection(ProjectConfigurationPlatforms) = postSolution
		{C31F4E9D-9B7E-4D80-8335-30DFF62C5C40}.Debug|Any CPU.ActiveCfg = Debug|Any CPU
		{C31F4E9D-9B7E-4D80-8335-30DFF62C5C40}.Debug|Any CPU.Build.0 = Debug|Any CPU
		{C31F4E9D-9B7E-4D80-8335-30DFF62C5C40}.Release|Any CPU.ActiveCfg = Release|Any CPU
		{C31F4E9D-9B7E-4D80-8335-30DFF62C5C40}.Release|Any CPU.Build.0 = Release|Any CPU
		{2E1CB33E-9E97-4C70-9853-A86E6D43367A}.Debug|Any CPU.ActiveCfg = Debug|Any CPU
		{2E1CB33E-9E97-4C70-9853-A86E6D43367A}.Debug|Any CPU.Build.0 = Debug|Any CPU
		{2E1CB33E-9E97-4C70-9853-A86E6D43367A}.Release|Any CPU.ActiveCfg = Release|Any CPU
		{2E1CB33E-9E97-4C70-9853-A86E6D43367A}.Release|Any CPU.Build.0 = Release|Any CPU
		{BADB9D6B-EDB5-44F1-A30C-293869525E4C}.Debug|Any CPU.ActiveCfg = Debug|Any CPU
		{BADB9D6B-EDB5-44F1-A30C-293869525E4C}.Debug|Any CPU.Build.0 = Debug|Any CPU
		{BADB9D6B-EDB5-44F1-A30C-293869525E4C}.Release|Any CPU.ActiveCfg = Release|Any CPU
		{BADB9D6B-EDB5-44F1-A30C-293869525E4C}.Release|Any CPU.Build.0 = Release|Any CPU
		{D868FC68-6204-4247-BA3D-1E1F4A88B95D}.Debug|Any CPU.ActiveCfg = Debug|Any CPU
		{D868FC68-6204-4247-BA3D-1E1F4A88B95D}.Debug|Any CPU.Build.0 = Debug|Any CPU
		{D868FC68-6204-4247-BA3D-1E1F4A88B95D}.Release|Any CPU.ActiveCfg = Release|Any CPU
		{D868FC68-6204-4247-BA3D-1E1F4A88B95D}.Release|Any CPU.Build.0 = Release|Any CPU
		{1599108D-88FA-4EBD-99EF-5E43C6CA2A05}.Debug|Any CPU.ActiveCfg = Debug|Any CPU
		{1599108D-88FA-4EBD-99EF-5E43C6CA2A05}.Debug|Any CPU.Build.0 = Debug|Any CPU
		{1599108D-88FA-4EBD-99EF-5E43C6CA2A05}.Release|Any CPU.ActiveCfg = Release|Any CPU
		{1599108D-88FA-4EBD-99EF-5E43C6CA2A05}.Release|Any CPU.Build.0 = Release|Any CPU
	EndGlobalSection
	GlobalSection(SolutionProperties) = preSolution
		HideSolutionNode = FALSE
	EndGlobalSection
EndGlobal
