
Microsoft Visual Studio Solution File, Format Version 12.00
# Visual Studio 14
VisualStudioVersion = 14.0.23107.0
MinimumVisualStudioVersion = 10.0.40219.1
Project("{FAE04EC0-301F-11D3-BF4B-00C04F79EFBC}") = "WCS.Controllers", "WCS.Controllers\WCS.Controllers.csproj", "{8F050385-5BBA-44C8-B9BF-1A77D574FE66}"
EndProject
Project("{FAE04EC0-301F-11D3-BF4B-00C04F79EFBC}") = "WCS.Models", "WCS.Models\WCS.Models.csproj", "{648D860A-BEFD-4265-ABA4-9F7545539714}"
EndProject
Project("{FAE04EC0-301F-11D3-BF4B-00C04F79EFBC}") = "WCS.Views", "WCS.Views\WCS.Views.csproj", "{9AA96F52-E30F-4211-A3E4-6B2133E081C3}"
EndProject
Global
	GlobalSection(SolutionConfigurationPlatforms) = preSolution
		Debug|Any CPU = Debug|Any CPU
		Release|Any CPU = Release|Any CPU
	EndGlobalSection
	GlobalSection(ProjectConfigurationPlatforms) = postSolution
		{8F050385-5BBA-44C8-B9BF-1A77D574FE66}.Debug|Any CPU.ActiveCfg = Debug|Any CPU
		{8F050385-5BBA-44C8-B9BF-1A77D574FE66}.Debug|Any CPU.Build.0 = Debug|Any CPU
		{8F050385-5BBA-44C8-B9BF-1A77D574FE66}.Release|Any CPU.ActiveCfg = Release|Any CPU
		{8F050385-5BBA-44C8-B9BF-1A77D574FE66}.Release|Any CPU.Build.0 = Release|Any CPU
		{648D860A-BEFD-4265-ABA4-9F7545539714}.Debug|Any CPU.ActiveCfg = Debug|Any CPU
		{648D860A-BEFD-4265-ABA4-9F7545539714}.Debug|Any CPU.Build.0 = Debug|Any CPU
		{648D860A-BEFD-4265-ABA4-9F7545539714}.Release|Any CPU.ActiveCfg = Release|Any CPU
		{648D860A-BEFD-4265-ABA4-9F7545539714}.Release|Any CPU.Build.0 = Release|Any CPU
		{9AA96F52-E30F-4211-A3E4-6B2133E081C3}.Debug|Any CPU.ActiveCfg = Debug|Any CPU
		{9AA96F52-E30F-4211-A3E4-6B2133E081C3}.Debug|Any CPU.Build.0 = Debug|Any CPU
		{9AA96F52-E30F-4211-A3E4-6B2133E081C3}.Release|Any CPU.ActiveCfg = Release|Any CPU
		{9AA96F52-E30F-4211-A3E4-6B2133E081C3}.Release|Any CPU.Build.0 = Release|Any CPU
	EndGlobalSection
	GlobalSection(SolutionProperties) = preSolution
		HideSolutionNode = FALSE
	EndGlobalSection
EndGlobal
